
Microsoft Visual Studio Solution File, Format Version 12.00
# Visual Studio Version 17
VisualStudioVersion = 17.3.32922.545
MinimumVisualStudioVersion = 10.0.40219.1
Project("{FAE04EC0-301F-11D3-BF4B-00C04F79EFBC}") = "razer pages", "razer pages\razer pages.csproj", "{CA5EDE7B-0FDC-4693-A579-FC3952889427}"
EndProject
Global
	GlobalSection(SolutionConfigurationPlatforms) = preSolution
		Debug|Any CPU = Debug|Any CPU
		Release|Any CPU = Release|Any CPU
	EndGlobalSection
	GlobalSection(ProjectConfigurationPlatforms) = postSolution
		{CA5EDE7B-0FDC-4693-A579-FC3952889427}.Debug|Any CPU.ActiveCfg = Debug|Any CPU
		{CA5EDE7B-0FDC-4693-A579-FC3952889427}.Debug|Any CPU.Build.0 = Debug|Any CPU
		{CA5EDE7B-0FDC-4693-A579-FC3952889427}.Release|Any CPU.ActiveCfg = Release|Any CPU
		{CA5EDE7B-0FDC-4693-A579-FC3952889427}.Release|Any CPU.Build.0 = Release|Any CPU
	EndGlobalSection
	GlobalSection(SolutionProperties) = preSolution
		HideSolutionNode = FALSE
	EndGlobalSection
	GlobalSection(ExtensibilityGlobals) = postSolution
		SolutionGuid = {5E1208BB-8061-4D1D-AD06-F747D0EFC5AB}
	EndGlobalSection
EndGlobal
